// !$*UTF8*$!
{
	archiveVersion = 1;
	classes = {
	};
	objectVersion = 46;
	objects = {

/* Begin PBXBuildFile section */
		94203EC41C0E83EC00A4F1C4 /* FileManagerViewController.m in Sources */ = {isa = PBXBuildFile; fileRef = 94203EC31C0E83EC00A4F1C4 /* FileManagerViewController.m */; };
		94203EC71C0EEF6800A4F1C4 /* CreateViewController.m in Sources */ = {isa = PBXBuildFile; fileRef = 94203EC61C0EEF6800A4F1C4 /* CreateViewController.m */; };
		945A2F331C11700700ADC739 /* FileHandleViewController.m in Sources */ = {isa = PBXBuildFile; fileRef = 945A2F321C11700700ADC739 /* FileHandleViewController.m */; };
		9462EAFD1C0D75F100B97909 /* main.m in Sources */ = {isa = PBXBuildFile; fileRef = 9462EAFC1C0D75F100B97909 /* main.m */; };
		9462EB001C0D75F100B97909 /* AppDelegate.m in Sources */ = {isa = PBXBuildFile; fileRef = 9462EAFF1C0D75F100B97909 /* AppDelegate.m */; };
		9462EB031C0D75F100B97909 /* ViewController.m in Sources */ = {isa = PBXBuildFile; fileRef = 9462EB021C0D75F100B97909 /* ViewController.m */; };
		9462EB061C0D75F100B97909 /* Main.storyboard in Resources */ = {isa = PBXBuildFile; fileRef = 9462EB041C0D75F100B97909 /* Main.storyboard */; };
		9462EB081C0D75F100B97909 /* Assets.xcassets in Resources */ = {isa = PBXBuildFile; fileRef = 9462EB071C0D75F100B97909 /* Assets.xcassets */; };
		9462EB0B1C0D75F100B97909 /* LaunchScreen.storyboard in Resources */ = {isa = PBXBuildFile; fileRef = 9462EB091C0D75F100B97909 /* LaunchScreen.storyboard */; };
		9462EB161C0D75F100B97909 /* sandBoxFirstTests.m in Sources */ = {isa = PBXBuildFile; fileRef = 9462EB151C0D75F100B97909 /* sandBoxFirstTests.m */; };
		9462EB211C0D75F100B97909 /* sandBoxFirstUITests.m in Sources */ = {isa = PBXBuildFile; fileRef = 9462EB201C0D75F100B97909 /* sandBoxFirstUITests.m */; };
		9472FA361C15283D005BAAF2 /* WriteViewController.m in Sources */ = {isa = PBXBuildFile; fileRef = 9472FA351C15283D005BAAF2 /* WriteViewController.m */; };
		9472FA391C153532005BAAF2 /* loadImageViewController.m in Sources */ = {isa = PBXBuildFile; fileRef = 9472FA381C153532005BAAF2 /* loadImageViewController.m */; };
/* End PBXBuildFile section */

/* Begin PBXContainerItemProxy section */
		9462EB121C0D75F100B97909 /* PBXContainerItemProxy */ = {
			isa = PBXContainerItemProxy;
			containerPortal = 9462EAF01C0D75F100B97909 /* Project object */;
			proxyType = 1;
			remoteGlobalIDString = 9462EAF71C0D75F100B97909;
			remoteInfo = sandBoxFirst;
		};
		9462EB1D1C0D75F100B97909 /* PBXContainerItemProxy */ = {
			isa = PBXContainerItemProxy;
			containerPortal = 9462EAF01C0D75F100B97909 /* Project object */;
			proxyType = 1;
			remoteGlobalIDString = 9462EAF71C0D75F100B97909;
			remoteInfo = sandBoxFirst;
		};
/* End PBXContainerItemProxy section */

/* Begin PBXFileReference section */
		94203EC21C0E83EC00A4F1C4 /* FileManagerViewController.h */ = {isa = PBXFileReference; fileEncoding = 4; lastKnownFileType = sourcecode.c.h; path = FileManagerViewController.h; sourceTree = "<group>"; };
		94203EC31C0E83EC00A4F1C4 /* FileManagerViewController.m */ = {isa = PBXFileReference; fileEncoding = 4; lastKnownFileType = sourcecode.c.objc; path = FileManagerViewController.m; sourceTree = "<group>"; };
		94203EC51C0EEF6800A4F1C4 /* CreateViewController.h */ = {isa = PBXFileReference; fileEncoding = 4; lastKnownFileType = sourcecode.c.h; path = CreateViewController.h; sourceTree = "<group>"; };
		94203EC61C0EEF6800A4F1C4 /* CreateViewController.m */ = {isa = PBXFileReference; fileEncoding = 4; lastKnownFileType = sourcecode.c.objc; path = CreateViewController.m; sourceTree = "<group>"; };
		945A2F311C11700700ADC739 /* FileHandleViewController.h */ = {isa = PBXFileReference; fileEncoding = 4; lastKnownFileType = sourcecode.c.h; path = FileHandleViewController.h; sourceTree = "<group>"; };
		945A2F321C11700700ADC739 /* FileHandleViewController.m */ = {isa = PBXFileReference; fileEncoding = 4; lastKnownFileType = sourcecode.c.objc; path = FileHandleViewController.m; sourceTree = "<group>"; };
		9462EAF81C0D75F100B97909 /* sandBoxFirst.app */ = {isa = PBXFileReference; explicitFileType = wrapper.application; includeInIndex = 0; path = sandBoxFirst.app; sourceTree = BUILT_PRODUCTS_DIR; };
		9462EAFC1C0D75F100B97909 /* main.m */ = {isa = PBXFileReference; lastKnownFileType = sourcecode.c.objc; path = main.m; sourceTree = "<group>"; };
		9462EAFE1C0D75F100B97909 /* AppDelegate.h */ = {isa = PBXFileReference; lastKnownFileType = sourcecode.c.h; path = AppDelegate.h; sourceTree = "<group>"; };
		9462EAFF1C0D75F100B97909 /* AppDelegate.m */ = {isa = PBXFileReference; lastKnownFileType = sourcecode.c.objc; path = AppDelegate.m; sourceTree = "<group>"; };
		9462EB011C0D75F100B97909 /* ViewController.h */ = {isa = PBXFileReference; lastKnownFileType = sourcecode.c.h; path = ViewController.h; sourceTree = "<group>"; };
		9462EB021C0D75F100B97909 /* ViewController.m */ = {isa = PBXFileReference; lastKnownFileType = sourcecode.c.objc; path = ViewController.m; sourceTree = "<group>"; };
		9462EB051C0D75F100B97909 /* Base */ = {isa = PBXFileReference; lastKnownFileType = file.storyboard; name = Base; path = Base.lproj/Main.storyboard; sourceTree = "<group>"; };
		9462EB071C0D75F100B97909 /* Assets.xcassets */ = {isa = PBXFileReference; lastKnownFileType = folder.assetcatalog; path = Assets.xcassets; sourceTree = "<group>"; };
		9462EB0A1C0D75F100B97909 /* Base */ = {isa = PBXFileReference; lastKnownFileType = file.storyboard; name = Base; path = Base.lproj/LaunchScreen.storyboard; sourceTree = "<group>"; };
		9462EB0C1C0D75F100B97909 /* Info.plist */ = {isa = PBXFileReference; lastKnownFileType = text.plist.xml; path = Info.plist; sourceTree = "<group>"; };
		9462EB111C0D75F100B97909 /* sandBoxFirstTests.xctest */ = {isa = PBXFileReference; explicitFileType = wrapper.cfbundle; includeInIndex = 0; path = sandBoxFirstTests.xctest; sourceTree = BUILT_PRODUCTS_DIR; };
		9462EB151C0D75F100B97909 /* sandBoxFirstTests.m */ = {isa = PBXFileReference; lastKnownFileType = sourcecode.c.objc; path = sandBoxFirstTests.m; sourceTree = "<group>"; };
		9462EB171C0D75F100B97909 /* Info.plist */ = {isa = PBXFileReference; lastKnownFileType = text.plist.xml; path = Info.plist; sourceTree = "<group>"; };
		9462EB1C1C0D75F100B97909 /* sandBoxFirstUITests.xctest */ = {isa = PBXFileReference; explicitFileType = wrapper.cfbundle; includeInIndex = 0; path = sandBoxFirstUITests.xctest; sourceTree = BUILT_PRODUCTS_DIR; };
		9462EB201C0D75F100B97909 /* sandBoxFirstUITests.m */ = {isa = PBXFileReference; lastKnownFileType = sourcecode.c.objc; path = sandBoxFirstUITests.m; sourceTree = "<group>"; };
		9462EB221C0D75F100B97909 /* Info.plist */ = {isa = PBXFileReference; lastKnownFileType = text.plist.xml; path = Info.plist; sourceTree = "<group>"; };
		9472FA341C15283D005BAAF2 /* WriteViewController.h */ = {isa = PBXFileReference; fileEncoding = 4; lastKnownFileType = sourcecode.c.h; path = WriteViewController.h; sourceTree = "<group>"; };
		9472FA351C15283D005BAAF2 /* WriteViewController.m */ = {isa = PBXFileReference; fileEncoding = 4; lastKnownFileType = sourcecode.c.objc; path = WriteViewController.m; sourceTree = "<group>"; };
		9472FA371C153532005BAAF2 /* loadImageViewController.h */ = {isa = PBXFileReference; fileEncoding = 4; lastKnownFileType = sourcecode.c.h; path = loadImageViewController.h; sourceTree = "<group>"; };
		9472FA381C153532005BAAF2 /* loadImageViewController.m */ = {isa = PBXFileReference; fileEncoding = 4; lastKnownFileType = sourcecode.c.objc; path = loadImageViewController.m; sourceTree = "<group>"; };
/* End PBXFileReference section */

/* Begin PBXFrameworksBuildPhase section */
		9462EAF51C0D75F100B97909 /* Frameworks */ = {
			isa = PBXFrameworksBuildPhase;
			buildActionMask = 2147483647;
			files = (
			);
			runOnlyForDeploymentPostprocessing = 0;
		};
		9462EB0E1C0D75F100B97909 /* Frameworks */ = {
			isa = PBXFrameworksBuildPhase;
			buildActionMask = 2147483647;
			files = (
			);
			runOnlyForDeploymentPostprocessing = 0;
		};
		9462EB191C0D75F100B97909 /* Frameworks */ = {
			isa = PBXFrameworksBuildPhase;
			buildActionMask = 2147483647;
			files = (
			);
			runOnlyForDeploymentPostprocessing = 0;
		};
/* End PBXFrameworksBuildPhase section */

/* Begin PBXGroup section */
		9462EAEF1C0D75F100B97909 = {
			isa = PBXGroup;
			children = (
				9462EAFA1C0D75F100B97909 /* sandBoxFirst */,
				9462EB141C0D75F100B97909 /* sandBoxFirstTests */,
				9462EB1F1C0D75F100B97909 /* sandBoxFirstUITests */,
				9462EAF91C0D75F100B97909 /* Products */,
			);
			sourceTree = "<group>";
		};
		9462EAF91C0D75F100B97909 /* Products */ = {
			isa = PBXGroup;
			children = (
				9462EAF81C0D75F100B97909 /* sandBoxFirst.app */,
				9462EB111C0D75F100B97909 /* sandBoxFirstTests.xctest */,
				9462EB1C1C0D75F100B97909 /* sandBoxFirstUITests.xctest */,
			);
			name = Products;
			sourceTree = "<group>";
		};
		9462EAFA1C0D75F100B97909 /* sandBoxFirst */ = {
			isa = PBXGroup;
			children = (
				9462EAFE1C0D75F100B97909 /* AppDelegate.h */,
				9462EAFF1C0D75F100B97909 /* AppDelegate.m */,
				9462EB011C0D75F100B97909 /* ViewController.h */,
				9462EB021C0D75F100B97909 /* ViewController.m */,
				9462EB041C0D75F100B97909 /* Main.storyboard */,
				94203EC21C0E83EC00A4F1C4 /* FileManagerViewController.h */,
				94203EC31C0E83EC00A4F1C4 /* FileManagerViewController.m */,
				94203EC51C0EEF6800A4F1C4 /* CreateViewController.h */,
				94203EC61C0EEF6800A4F1C4 /* CreateViewController.m */,
				945A2F311C11700700ADC739 /* FileHandleViewController.h */,
				945A2F321C11700700ADC739 /* FileHandleViewController.m */,
				9472FA341C15283D005BAAF2 /* WriteViewController.h */,
				9472FA351C15283D005BAAF2 /* WriteViewController.m */,
				9472FA371C153532005BAAF2 /* loadImageViewController.h */,
				9472FA381C153532005BAAF2 /* loadImageViewController.m */,
				9462EB071C0D75F100B97909 /* Assets.xcassets */,
				9462EB091C0D75F100B97909 /* LaunchScreen.storyboard */,
				9462EB0C1C0D75F100B97909 /* Info.plist */,
				9462EAFB1C0D75F100B97909 /* Supporting Files */,
			);
			path = sandBoxFirst;
			sourceTree = "<group>";
		};
		9462EAFB1C0D75F100B97909 /* Supporting Files */ = {
			isa = PBXGroup;
			children = (
				9462EAFC1C0D75F100B97909 /* main.m */,
			);
			name = "Supporting Files";
			sourceTree = "<group>";
		};
		9462EB141C0D75F100B97909 /* sandBoxFirstTests */ = {
			isa = PBXGroup;
			children = (
				9462EB151C0D75F100B97909 /* sandBoxFirstTests.m */,
				9462EB171C0D75F100B97909 /* Info.plist */,
			);
			path = sandBoxFirstTests;
			sourceTree = "<group>";
		};
		9462EB1F1C0D75F100B97909 /* sandBoxFirstUITests */ = {
			isa = PBXGroup;
			children = (
				9462EB201C0D75F100B97909 /* sandBoxFirstUITests.m */,
				9462EB221C0D75F100B97909 /* Info.plist */,
			);
			path = sandBoxFirstUITests;
			sourceTree = "<group>";
		};
/* End PBXGroup section */

/* Begin PBXNativeTarget section */
		9462EAF71C0D75F100B97909 /* sandBoxFirst */ = {
			isa = PBXNativeTarget;
			buildConfigurationList = 9462EB251C0D75F100B97909 /* Build configuration list for PBXNativeTarget "sandBoxFirst" */;
			buildPhases = (
				9462EAF41C0D75F100B97909 /* Sources */,
				9462EAF51C0D75F100B97909 /* Frameworks */,
				9462EAF61C0D75F100B97909 /* Resources */,
			);
			buildRules = (
			);
			dependencies = (
			);
			name = sandBoxFirst;
			productName = sandBoxFirst;
			productReference = 9462EAF81C0D75F100B97909 /* sandBoxFirst.app */;
			productType = "com.apple.product-type.application";
		};
		9462EB101C0D75F100B97909 /* sandBoxFirstTests */ = {
			isa = PBXNativeTarget;
			buildConfigurationList = 9462EB281C0D75F100B97909 /* Build configuration list for PBXNativeTarget "sandBoxFirstTests" */;
			buildPhases = (
				9462EB0D1C0D75F100B97909 /* Sources */,
				9462EB0E1C0D75F100B97909 /* Frameworks */,
				9462EB0F1C0D75F100B97909 /* Resources */,
			);
			buildRules = (
			);
			dependencies = (
				9462EB131C0D75F100B97909 /* PBXTargetDependency */,
			);
			name = sandBoxFirstTests;
			productName = sandBoxFirstTests;
			productReference = 9462EB111C0D75F100B97909 /* sandBoxFirstTests.xctest */;
			productType = "com.apple.product-type.bundle.unit-test";
		};
		9462EB1B1C0D75F100B97909 /* sandBoxFirstUITests */ = {
			isa = PBXNativeTarget;
			buildConfigurationList = 9462EB2B1C0D75F100B97909 /* Build configuration list for PBXNativeTarget "sandBoxFirstUITests" */;
			buildPhases = (
				9462EB181C0D75F100B97909 /* Sources */,
				9462EB191C0D75F100B97909 /* Frameworks */,
				9462EB1A1C0D75F100B97909 /* Resources */,
			);
			buildRules = (
			);
			dependencies = (
				9462EB1E1C0D75F100B97909 /* PBXTargetDependency */,
			);
			name = sandBoxFirstUITests;
			productName = sandBoxFirstUITests;
			productReference = 9462EB1C1C0D75F100B97909 /* sandBoxFirstUITests.xctest */;
			productType = "com.apple.product-type.bundle.ui-testing";
		};
/* End PBXNativeTarget section */

/* Begin PBXProject section */
		9462EAF01C0D75F100B97909 /* Project object */ = {
			isa = PBXProject;
			attributes = {
				LastUpgradeCheck = 0710;
				ORGANIZATIONNAME = XueYingbo;
				TargetAttributes = {
					9462EAF71C0D75F100B97909 = {
						CreatedOnToolsVersion = 7.1.1;
						DevelopmentTeam = LNRYWZ37D4;
					};
					9462EB101C0D75F100B97909 = {
						CreatedOnToolsVersion = 7.1.1;
						DevelopmentTeam = LNRYWZ37D4;
						TestTargetID = 9462EAF71C0D75F100B97909;
					};
					9462EB1B1C0D75F100B97909 = {
						CreatedOnToolsVersion = 7.1.1;
						DevelopmentTeam = LNRYWZ37D4;
						TestTargetID = 9462EAF71C0D75F100B97909;
					};
				};
			};
			buildConfigurationList = 9462EAF31C0D75F100B97909 /* Build configuration list for PBXProject "sandBoxFirst" */;
			compatibilityVersion = "Xcode 3.2";
			developmentRegion = English;
			hasScannedForEncodings = 0;
			knownRegions = (
				en,
				Base,
			);
			mainGroup = 9462EAEF1C0D75F100B97909;
			productRefGroup = 9462EAF91C0D75F100B97909 /* Products */;
			projectDirPath = "";
			projectRoot = "";
			targets = (
				9462EAF71C0D75F100B97909 /* sandBoxFirst */,
				9462EB101C0D75F100B97909 /* sandBoxFirstTests */,
				9462EB1B1C0D75F100B97909 /* sandBoxFirstUITests */,
			);
		};
/* End PBXProject section */

/* Begin PBXResourcesBuildPhase section */
		9462EAF61C0D75F100B97909 /* Resources */ = {
			isa = PBXResourcesBuildPhase;
			buildActionMask = 2147483647;
			files = (
				9462EB0B1C0D75F100B97909 /* LaunchScreen.storyboard in Resources */,
				9462EB081C0D75F100B97909 /* Assets.xcassets in Resources */,
				9462EB061C0D75F100B97909 /* Main.storyboard in Resources */,
			);
			runOnlyForDeploymentPostprocessing = 0;
		};
		9462EB0F1C0D75F100B97909 /* Resources */ = {
			isa = PBXResourcesBuildPhase;
			buildActionMask = 2147483647;
			files = (
			);
			runOnlyForDeploymentPostprocessing = 0;
		};
		9462EB1A1C0D75F100B97909 /* Resources */ = {
			isa = PBXResourcesBuildPhase;
			buildActionMask = 2147483647;
			files = (
			);
			runOnlyForDeploymentPostprocessing = 0;
		};
/* End PBXResourcesBuildPhase section */

/* Begin PBXSourcesBuildPhase section */
		9462EAF41C0D75F100B97909 /* Sources */ = {
			isa = PBXSourcesBuildPhase;
			buildActionMask = 2147483647;
			files = (
				94203EC41C0E83EC00A4F1C4 /* FileManagerViewController.m in Sources */,
				9462EB031C0D75F100B97909 /* ViewController.m in Sources */,
				94203EC71C0EEF6800A4F1C4 /* CreateViewController.m in Sources */,
				9462EB001C0D75F100B97909 /* AppDelegate.m in Sources */,
				945A2F331C11700700ADC739 /* FileHandleViewController.m in Sources */,
				9472FA361C15283D005BAAF2 /* WriteViewController.m in Sources */,
				9472FA391C153532005BAAF2 /* loadImageViewController.m in Sources */,
				9462EAFD1C0D75F100B97909 /* main.m in Sources */,
			);
			runOnlyForDeploymentPostprocessing = 0;
		};
		9462EB0D1C0D75F100B97909 /* Sources */ = {
			isa = PBXSourcesBuildPhase;
			buildActionMask = 2147483647;
			files = (
				9462EB161C0D75F100B97909 /* sandBoxFirstTests.m in Sources */,
			);
			runOnlyForDeploymentPostprocessing = 0;
		};
		9462EB181C0D75F100B97909 /* Sources */ = {
			isa = PBXSourcesBuildPhase;
			buildActionMask = 2147483647;
			files = (
				9462EB211C0D75F100B97909 /* sandBoxFirstUITests.m in Sources */,
			);
			runOnlyForDeploymentPostprocessing = 0;
		};
/* End PBXSourcesBuildPhase section */

/* Begin PBXTargetDependency section */
		9462EB131C0D75F100B97909 /* PBXTargetDependency */ = {
			isa = PBXTargetDependency;
			target = 9462EAF71C0D75F100B97909 /* sandBoxFirst */;
			targetProxy = 9462EB121C0D75F100B97909 /* PBXContainerItemProxy */;
		};
		9462EB1E1C0D75F100B97909 /* PBXTargetDependency */ = {
			isa = PBXTargetDependency;
			target = 9462EAF71C0D75F100B97909 /* sandBoxFirst */;
			targetProxy = 9462EB1D1C0D75F100B97909 /* PBXContainerItemProxy */;
		};
/* End PBXTargetDependency section */

/* Begin PBXVariantGroup section */
		9462EB041C0D75F100B97909 /* Main.storyboard */ = {
			isa = PBXVariantGroup;
			children = (
				9462EB051C0D75F100B97909 /* Base */,
			);
			name = Main.storyboard;
			sourceTree = "<group>";
		};
		9462EB091C0D75F100B97909 /* LaunchScreen.storyboard */ = {
			isa = PBXVariantGroup;
			children = (
				9462EB0A1C0D75F100B97909 /* Base */,
			);
			name = LaunchScreen.storyboard;
			sourceTree = "<group>";
		};
/* End PBXVariantGroup section */

/* Begin XCBuildConfiguration section */
		9462EB231C0D75F100B97909 /* Debug */ = {
			isa = XCBuildConfiguration;
			buildSettings = {
				ALWAYS_SEARCH_USER_PATHS = NO;
				CLANG_CXX_LANGUAGE_STANDARD = "gnu++0x";
				CLANG_CXX_LIBRARY = "libc++";
				CLANG_ENABLE_MODULES = YES;
				CLANG_ENABLE_OBJC_ARC = YES;
				CLANG_WARN_BOOL_CONVERSION = YES;
				CLANG_WARN_CONSTANT_CONVERSION = YES;
				CLANG_WARN_DIRECT_OBJC_ISA_USAGE = YES_ERROR;
				CLANG_WARN_EMPTY_BODY = YES;
				CLANG_WARN_ENUM_CONVERSION = YES;
				CLANG_WARN_INT_CONVERSION = YES;
				CLANG_WARN_OBJC_ROOT_CLASS = YES_ERROR;
				CLANG_WARN_UNREACHABLE_CODE = YES;
				CLANG_WARN__DUPLICATE_METHOD_MATCH = YES;
				"CODE_SIGN_IDENTITY[sdk=iphoneos*]" = "iPhone Developer";
				COPY_PHASE_STRIP = NO;
				DEBUG_INFORMATION_FORMAT = dwarf;
				ENABLE_STRICT_OBJC_MSGSEND = YES;
				ENABLE_TESTABILITY = YES;
				GCC_C_LANGUAGE_STANDARD = gnu99;
				GCC_DYNAMIC_NO_PIC = NO;
				GCC_NO_COMMON_BLOCKS = YES;
				GCC_OPTIMIZATION_LEVEL = 0;
				GCC_PREPROCESSOR_DEFINITIONS = (
					"DEBUG=1",
					"$(inherited)",
				);
				GCC_WARN_64_TO_32_BIT_CONVERSION = YES;
				GCC_WARN_ABOUT_RETURN_TYPE = YES_ERROR;
				GCC_WARN_UNDECLARED_SELECTOR = YES;
				GCC_WARN_UNINITIALIZED_AUTOS = YES_AGGRESSIVE;
				GCC_WARN_UNUSED_FUNCTION = YES;
				GCC_WARN_UNUSED_VARIABLE = YES;
				IPHONEOS_DEPLOYMENT_TARGET = 9.1;
				MTL_ENABLE_DEBUG_INFO = YES;
				ONLY_ACTIVE_ARCH = YES;
				SDKROOT = iphoneos;
			};
			name = Debug;
		};
		9462EB241C0D75F100B97909 /* Release */ = {
			isa = XCBuildConfiguration;
			buildSettings = {
				ALWAYS_SEARCH_USER_PATHS = NO;
				CLANG_CXX_LANGUAGE_STANDARD = "gnu++0x";
				CLANG_CXX_LIBRARY = "libc++";
				CLANG_ENABLE_MODULES = YES;
				CLANG_ENABLE_OBJC_ARC = YES;
				CLANG_WARN_BOOL_CONVERSION = YES;
				CLANG_WARN_CONSTANT_CONVERSION = YES;
				CLANG_WARN_DIRECT_OBJC_ISA_USAGE = YES_ERROR;
				CLANG_WARN_EMPTY_BODY = YES;
				CLANG_WARN_ENUM_CONVERSION = YES;
				CLANG_WARN_INT_CONVERSION = YES;
				CLANG_WARN_OBJC_ROOT_CLASS = YES_ERROR;
				CLANG_WARN_UNREACHABLE_CODE = YES;
				CLANG_WARN__DUPLICATE_METHOD_MATCH = YES;
				"CODE_SIGN_IDENTITY[sdk=iphoneos*]" = "iPhone Developer";
				COPY_PHASE_STRIP = NO;
				DEBUG_INFORMATION_FORMAT = "dwarf-with-dsym";
				ENABLE_NS_ASSERTIONS = NO;
				ENABLE_STRICT_OBJC_MSGSEND = YES;
				GCC_C_LANGUAGE_STANDARD = gnu99;
				GCC_NO_COMMON_BLOCKS = YES;
				GCC_WARN_64_TO_32_BIT_CONVERSION = YES;
				GCC_WARN_ABOUT_RETURN_TYPE = YES_ERROR;
				GCC_WARN_UNDECLARED_SELECTOR = YES;
				GCC_WARN_UNINITIALIZED_AUTOS = YES_AGGRESSIVE;
				GCC_WARN_UNUSED_FUNCTION = YES;
				GCC_WARN_UNUSED_VARIABLE = YES;
				IPHONEOS_DEPLOYMENT_TARGET = 9.1;
				MTL_ENABLE_DEBUG_INFO = NO;
				SDKROOT = iphoneos;
				VALIDATE_PRODUCT = YES;
			};
			name = Release;
		};
		9462EB261C0D75F100B97909 /* Debug */ = {
			isa = XCBuildConfiguration;
			buildSettings = {
				ASSETCATALOG_COMPILER_APPICON_NAME = AppIcon;
				INFOPLIST_FILE = sandBoxFirst/Info.plist;
				LD_RUNPATH_SEARCH_PATHS = "$(inherited) @executable_path/Frameworks";
				PRODUCT_BUNDLE_IDENTIFIER = cn.hydee.sandBoxFirst;
				PRODUCT_NAME = "$(TARGET_NAME)";
			};
			name = Debug;
		};
		9462EB271C0D75F100B97909 /* Release */ = {
			isa = XCBuildConfiguration;
			buildSettings = {
				ASSETCATALOG_COMPILER_APPICON_NAME = AppIcon;
				INFOPLIST_FILE = sandBoxFirst/Info.plist;
				LD_RUNPATH_SEARCH_PATHS = "$(inherited) @executable_path/Frameworks";
				PRODUCT_BUNDLE_IDENTIFIER = cn.hydee.sandBoxFirst;
				PRODUCT_NAME = "$(TARGET_NAME)";
			};
			name = Release;
		};
		9462EB291C0D75F100B97909 /* Debug */ = {
			isa = XCBuildConfiguration;
			buildSettings = {
				BUNDLE_LOADER = "$(TEST_HOST)";
				INFOPLIST_FILE = sandBoxFirstTests/Info.plist;
				LD_RUNPATH_SEARCH_PATHS = "$(inherited) @executable_path/Frameworks @loader_path/Frameworks";
				PRODUCT_BUNDLE_IDENTIFIER = cn.hydee.sandBoxFirstTests;
				PRODUCT_NAME = "$(TARGET_NAME)";
				TEST_HOST = "$(BUILT_PRODUCTS_DIR)/sandBoxFirst.app/sandBoxFirst";
			};
			name = Debug;
		};
		9462EB2A1C0D75F100B97909 /* Release */ = {
			isa = XCBuildConfiguration;
			buildSettings = {
				BUNDLE_LOADER = "$(TEST_HOST)";
				INFOPLIST_FILE = sandBoxFirstTests/Info.plist;
				LD_RUNPATH_SEARCH_PATHS = "$(inherited) @executable_path/Frameworks @loader_path/Frameworks";
				PRODUCT_BUNDLE_IDENTIFIER = cn.hydee.sandBoxFirstTests;
				PRODUCT_NAME = "$(TARGET_NAME)";
				TEST_HOST = "$(BUILT_PRODUCTS_DIR)/sandBoxFirst.app/sandBoxFirst";
			};
			name = Release;
		};
		9462EB2C1C0D75F100B97909 /* Debug */ = {
			isa = XCBuildConfiguration;
			buildSettings = {
				INFOPLIST_FILE = sandBoxFirstUITests/Info.plist;
				LD_RUNPATH_SEARCH_PATHS = "$(inherited) @executable_path/Frameworks @loader_path/Frameworks";
				PRODUCT_BUNDLE_IDENTIFIER = cn.hydee.sandBoxFirstUITests;
				PRODUCT_NAME = "$(TARGET_NAME)";
				TEST_TARGET_NAME = sandBoxFirst;
				USES_XCTRUNNER = YES;
			};
			name = Debug;
		};
		9462EB2D1C0D75F100B97909 /* Release */ = {
			isa = XCBuildConfiguration;
			buildSettings = {
				INFOPLIST_FILE = sandBoxFirstUITests/Info.plist;
				LD_RUNPATH_SEARCH_PATHS = "$(inherited) @executable_path/Frameworks @loader_path/Frameworks";
				PRODUCT_BUNDLE_IDENTIFIER = cn.hydee.sandBoxFirstUITests;
				PRODUCT_NAME = "$(TARGET_NAME)";
				TEST_TARGET_NAME = sandBoxFirst;
				USES_XCTRUNNER = YES;
			};
			name = Release;
		};
/* End XCBuildConfiguration section */

/* Begin XCConfigurationList section */
		9462EAF31C0D75F100B97909 /* Build configuration list for PBXProject "sandBoxFirst" */ = {
			isa = XCConfigurationList;
			buildConfigurations = (
				9462EB231C0D75F100B97909 /* Debug */,
				9462EB241C0D75F100B97909 /* Release */,
			);
			defaultConfigurationIsVisible = 0;
			defaultConfigurationName = Release;
		};
		9462EB251C0D75F100B97909 /* Build configuration list for PBXNativeTarget "sandBoxFirst" */ = {
			isa = XCConfigurationList;
			buildConfigurations = (
				9462EB261C0D75F100B97909 /* Debug */,
				9462EB271C0D75F100B97909 /* Release */,
			);
			defaultConfigurationIsVisible = 0;
			defaultConfigurationName = Release;
		};
		9462EB281C0D75F100B97909 /* Build configuration list for PBXNativeTarget "sandBoxFirstTests" */ = {
			isa = XCConfigurationList;
			buildConfigurations = (
				9462EB291C0D75F100B97909 /* Debug */,
				9462EB2A1C0D75F100B97909 /* Release */,
			);
			defaultConfigurationIsVisible = 0;
			defaultConfigurationName = Release;
		};
		9462EB2B1C0D75F100B97909 /* Build configuration list for PBXNativeTarget "sandBoxFirstUITests" */ = {
			isa = XCConfigurationList;
			buildConfigurations = (
				9462EB2C1C0D75F100B97909 /* Debug */,
				9462EB2D1C0D75F100B97909 /* Release */,
			);
			defaultConfigurationIsVisible = 0;
			defaultConfigurationName = Release;
		};
/* End XCConfigurationList section */
	};
	rootObject = 9462EAF01C0D75F100B97909 /* Project object */;
}
